# This file is automatically @generated by Cargo.
# It is not intended for manual editing.
version = 4

[[package]]
name = "qingyin-admission"
version = "0.1.0"
dependencies = [
 "qingyin-state",
 "qingyin-types",
]

[[package]]
name = "qingyin-contract"
version = "0.1.0"
dependencies = [
 "qingyin-types",
]

[[package]]
name = "qingyin-gateway"
version = "0.1.0"
dependencies = [
 "qingyin-admission",
 "qingyin-contract",
 "qingyin-observe",
 "qingyin-provider",
 "qingyin-state",
 "qingyin-types",
]

[[package]]
name = "qingyin-mock-provider"
version = "0.1.0"
dependencies = [
 "qingyin-provider",
 "qingyin-types",
]

[[package]]
name = "qingyin-observe"
version = "0.1.0"
dependencies = [
 "qingyin-types",
]

[[package]]
name = "qingyin-provider"
version = "0.1.0"
dependencies = [
 "qingyin-contract",
 "qingyin-types",
]

[[package]]
name = "qingyin-state"
version = "0.1.0"
dependencies = [
 "qingyin-types",
]

[[package]]
name = "qingyin-testkit"
version = "0.1.0"
dependencies = [
 "qingyin-admission",
 "qingyin-contract",
 "qingyin-provider",
 "qingyin-state",
 "qingyin-types",
]

[[package]]
name = "qingyin-types"
version = "0.1.0"
